{
  "name": "simple_telnet_server",
  "version": "1.0.0",
  "lockfileVersion": 3,
  "requires": true,
  "packages": {
    "": {
      "name": "simple_telnet_server",
      "version": "1.0.0",
      "license": "MPL-2.0",
      "dependencies": {
        "rate-limiter-flexible": "^3.0.0"
      }
    },
    "node_modules/rate-limiter-flexible": {
      "version": "3.0.0",
      "resolved": "https://registry.npmjs.org/rate-limiter-flexible/-/rate-limiter-flexible-3.0.0.tgz",
      "integrity": "sha512-janAJkWxWxmLka0hV+XvCTo0M8keeSeOuz8ZL33cTXrkS4ek9mQ2VJm9ri7fm03oTVth19Sfqb1ijCmo7K/vAg=="
    }
  }
}
